{
  "name": "indexer_workshop",
  "version": "1.0.0",
  "lockfileVersion": 2,
  "requires": true,
  "packages": {
    "": {
      "name": "indexer_workshop",
      "version": "1.0.0",
      "license": "ISC",
      "dependencies": {
        "@fluencelabs/aqua-ipfs": "0.5.5",
        "@fluencelabs/aqua-lib": "0.5.2",
        "@fluencelabs/registry": "0.5.5"
      }
    },
    "node_modules/@fluencelabs/aqua-ipfs": {
      "version": "0.5.5",
      "resolved": "https://registry.npmjs.org/@fluencelabs/aqua-ipfs/-/aqua-ipfs-0.5.5.tgz",
      "integrity": "sha512-TBSClVs2r3FhgxVFSDPXzJNP0/EqHbIaVSY9U6LTzBDUdZDItu8Yt+Rsjj4LX5X4kOwo94ADkYG0UG8nKC1L5A==",
      "dependencies": {
        "@fluencelabs/aqua-lib": "^0.5.2"
      }
    },
    "node_modules/@fluencelabs/aqua-lib": {
      "version": "0.5.2",
      "resolved": "https://registry.npmjs.org/@fluencelabs/aqua-lib/-/aqua-lib-0.5.2.tgz",
      "integrity": "sha512-fmoFFE8myhLH9d+YR0+0ZPL2YIQyR6M1woAGu5d1xXI02Sjzn4id6dE4PpxHb8cSBPRie8AwsKobHCNqGxI8oA=="
    },
    "node_modules/@fluencelabs/registry": {
      "version": "0.5.5",
      "resolved": "https://registry.npmjs.org/@fluencelabs/registry/-/registry-0.5.5.tgz",
      "integrity": "sha512-DPDBP0WeomrLmpMp+FIDiJ8xZywoh1aBH/pJj2TYxSd4f+IxqjYvJbZiYOiBfmbqp2I2hPm/zGskGU1wjBVwbg==",
      "dependencies": {
        "@fluencelabs/aqua-lib": "^0.5.1",
        "@fluencelabs/trust-graph": "^3.0.1"
      }
    },
    "node_modules/@fluencelabs/trust-graph": {
      "version": "3.0.4",
      "resolved": "https://registry.npmjs.org/@fluencelabs/trust-graph/-/trust-graph-3.0.4.tgz",
      "integrity": "sha512-4CWe/dBuZwrj5iU6mTrLz5JCSy5v1fw7dYjD65Pz05xWAbLH2jw72YIJfbMX0utzb1qiM8CooXv1XKPgutCIHQ==",
      "dependencies": {
        "@fluencelabs/aqua-lib": "^0.5.2"
      }
    }
  },
  "dependencies": {
    "@fluencelabs/aqua-ipfs": {
      "version": "0.5.5",
      "resolved": "https://registry.npmjs.org/@fluencelabs/aqua-ipfs/-/aqua-ipfs-0.5.5.tgz",
      "integrity": "sha512-TBSClVs2r3FhgxVFSDPXzJNP0/EqHbIaVSY9U6LTzBDUdZDItu8Yt+Rsjj4LX5X4kOwo94ADkYG0UG8nKC1L5A==",
      "requires": {
        "@fluencelabs/aqua-lib": "^0.5.2"
      }
    },
    "@fluencelabs/aqua-lib": {
      "version": "0.5.2",
      "resolved": "https://registry.npmjs.org/@fluencelabs/aqua-lib/-/aqua-lib-0.5.2.tgz",
      "integrity": "sha512-fmoFFE8myhLH9d+YR0+0ZPL2YIQyR6M1woAGu5d1xXI02Sjzn4id6dE4PpxHb8cSBPRie8AwsKobHCNqGxI8oA=="
    },
    "@fluencelabs/registry": {
      "version": "0.5.5",
      "resolved": "https://registry.npmjs.org/@fluencelabs/registry/-/registry-0.5.5.tgz",
      "integrity": "sha512-DPDBP0WeomrLmpMp+FIDiJ8xZywoh1aBH/pJj2TYxSd4f+IxqjYvJbZiYOiBfmbqp2I2hPm/zGskGU1wjBVwbg==",
      "requires": {
        "@fluencelabs/aqua-lib": "^0.5.1",
        "@fluencelabs/trust-graph": "^3.0.1"
      }
    },
    "@fluencelabs/trust-graph": {
      "version": "3.0.4",
      "resolved": "https://registry.npmjs.org/@fluencelabs/trust-graph/-/trust-graph-3.0.4.tgz",
      "integrity": "sha512-4CWe/dBuZwrj5iU6mTrLz5JCSy5v1fw7dYjD65Pz05xWAbLH2jw72YIJfbMX0utzb1qiM8CooXv1XKPgutCIHQ==",
      "requires": {
        "@fluencelabs/aqua-lib": "^0.5.2"
      }
    }
  }
}
